
Microsoft Visual Studio Solution File, Format Version 12.00
# Visual Studio 14
VisualStudioVersion = 14.0.25123.0
MinimumVisualStudioVersion = 10.0.40219.1
Project("{FAE04EC0-301F-11D3-BF4B-00C04F79EFBC}") = "BudgetBuddy.Droid", "BudgetBuddy\BudgetBuddy.Droid\BudgetBuddy.Droid.csproj", "{614623A8-6CEE-42D3-93E0-7DFC07A821C2}"
EndProject
Project("{FAE04EC0-301F-11D3-BF4B-00C04F79EFBC}") = "BudgetBuddy.iOS", "BudgetBuddy\BudgetBuddy.iOS\BudgetBuddy.iOS.csproj", "{BF94F9CB-8219-4C7A-921C-713298974132}"
EndProject
Project("{FAE04EC0-301F-11D3-BF4B-00C04F79EFBC}") = "BudgetBuddy.WinPhone", "BudgetBuddy\BudgetBuddy.WinPhone\BudgetBuddy.WinPhone.csproj", "{9A4778A0-C208-4FA3-8C97-4705D61753B1}"
EndProject
Project("{FAE04EC0-301F-11D3-BF4B-00C04F79EFBC}") = "BudgetBuddy.UWP", "BudgetBuddy\BudgetBuddy.UWP\BudgetBuddy.UWP.csproj", "{2F34E237-03E7-4DD0-B4ED-748888AC6471}"
EndProject
Project("{FAE04EC0-301F-11D3-BF4B-00C04F79EFBC}") = "BudgetBuddy.Windows", "BudgetBuddy\BudgetBuddy.Windows\BudgetBuddy.Windows.csproj", "{B7DD69CD-D9DB-4CD4-B2F7-B8D30A7AAEB9}"
EndProject
Project("{FAE04EC0-301F-11D3-BF4B-00C04F79EFBC}") = "BudgetBuddy", "BudgetBuddy\BudgetBuddy\BudgetBuddy.csproj", "{FDA8CB94-0D6D-466A-A3CE-4718ED216595}"
EndProject
Global
	GlobalSection(SolutionConfigurationPlatforms) = preSolution
		Ad-Hoc|Any CPU = Ad-Hoc|Any CPU
		Ad-Hoc|ARM = Ad-Hoc|ARM
		Ad-Hoc|iPhone = Ad-Hoc|iPhone
		Ad-Hoc|iPhoneSimulator = Ad-Hoc|iPhoneSimulator
		Ad-Hoc|x64 = Ad-Hoc|x64
		Ad-Hoc|x86 = Ad-Hoc|x86
		AppStore|Any CPU = AppStore|Any CPU
		AppStore|ARM = AppStore|ARM
		AppStore|iPhone = AppStore|iPhone
		AppStore|iPhoneSimulator = AppStore|iPhoneSimulator
		AppStore|x64 = AppStore|x64
		AppStore|x86 = AppStore|x86
		Debug|Any CPU = Debug|Any CPU
		Debug|ARM = Debug|ARM
		Debug|iPhone = Debug|iPhone
		Debug|iPhoneSimulator = Debug|iPhoneSimulator
		Debug|x64 = Debug|x64
		Debug|x86 = Debug|x86
		Release|Any CPU = Release|Any CPU
		Release|ARM = Release|ARM
		Release|iPhone = Release|iPhone
		Release|iPhoneSimulator = Release|iPhoneSimulator
		Release|x64 = Release|x64
		Release|x86 = Release|x86
	EndGlobalSection
	GlobalSection(ProjectConfigurationPlatforms) = postSolution
		{614623A8-6CEE-42D3-93E0-7DFC07A821C2}.Ad-Hoc|Any CPU.ActiveCfg = Release|Any CPU
		{614623A8-6CEE-42D3-93E0-7DFC07A821C2}.Ad-Hoc|Any CPU.Build.0 = Release|Any CPU
		{614623A8-6CEE-42D3-93E0-7DFC07A821C2}.Ad-Hoc|Any CPU.Deploy.0 = Release|Any CPU
		{614623A8-6CEE-42D3-93E0-7DFC07A821C2}.Ad-Hoc|ARM.ActiveCfg = Release|Any CPU
		{614623A8-6CEE-42D3-93E0-7DFC07A821C2}.Ad-Hoc|ARM.Build.0 = Release|Any CPU
		{614623A8-6CEE-42D3-93E0-7DFC07A821C2}.Ad-Hoc|ARM.Deploy.0 = Release|Any CPU
		{614623A8-6CEE-42D3-93E0-7DFC07A821C2}.Ad-Hoc|iPhone.ActiveCfg = Release|Any CPU
		{614623A8-6CEE-42D3-93E0-7DFC07A821C2}.Ad-Hoc|iPhone.Build.0 = Release|Any CPU
		{614623A8-6CEE-42D3-93E0-7DFC07A821C2}.Ad-Hoc|iPhone.Deploy.0 = Release|Any CPU
		{614623A8-6CEE-42D3-93E0-7DFC07A821C2}.Ad-Hoc|iPhoneSimulator.ActiveCfg = Release|Any CPU
		{614623A8-6CEE-42D3-93E0-7DFC07A821C2}.Ad-Hoc|iPhoneSimulator.Build.0 = Release|Any CPU
		{614623A8-6CEE-42D3-93E0-7DFC07A821C2}.Ad-Hoc|iPhoneSimulator.Deploy.0 = Release|Any CPU
		{614623A8-6CEE-42D3-93E0-7DFC07A821C2}.Ad-Hoc|x64.ActiveCfg = Release|Any CPU
		{614623A8-6CEE-42D3-93E0-7DFC07A821C2}.Ad-Hoc|x64.Build.0 = Release|Any CPU
		{614623A8-6CEE-42D3-93E0-7DFC07A821C2}.Ad-Hoc|x64.Deploy.0 = Release|Any CPU
		{614623A8-6CEE-42D3-93E0-7DFC07A821C2}.Ad-Hoc|x86.ActiveCfg = Release|Any CPU
		{614623A8-6CEE-42D3-93E0-7DFC07A821C2}.Ad-Hoc|x86.Build.0 = Release|Any CPU
		{614623A8-6CEE-42D3-93E0-7DFC07A821C2}.Ad-Hoc|x86.Deploy.0 = Release|Any CPU
		{614623A8-6CEE-42D3-93E0-7DFC07A821C2}.AppStore|Any CPU.ActiveCfg = Release|Any CPU
		{614623A8-6CEE-42D3-93E0-7DFC07A821C2}.AppStore|Any CPU.Build.0 = Release|Any CPU
		{614623A8-6CEE-42D3-93E0-7DFC07A821C2}.AppStore|Any CPU.Deploy.0 = Release|Any CPU
		{614623A8-6CEE-42D3-93E0-7DFC07A821C2}.AppStore|ARM.ActiveCfg = Release|Any CPU
		{614623A8-6CEE-42D3-93E0-7DFC07A821C2}.AppStore|ARM.Build.0 = Release|Any CPU
		{614623A8-6CEE-42D3-93E0-7DFC07A821C2}.AppStore|ARM.Deploy.0 = Release|Any CPU
		{614623A8-6CEE-42D3-93E0-7DFC07A821C2}.AppStore|iPhone.ActiveCfg = Release|Any CPU
		{614623A8-6CEE-42D3-93E0-7DFC07A821C2}.AppStore|iPhone.Build.0 = Release|Any CPU
		{614623A8-6CEE-42D3-93E0-7DFC07A821C2}.AppStore|iPhone.Deploy.0 = Release|Any CPU
		{614623A8-6CEE-42D3-93E0-7DFC07A821C2}.AppStore|iPhoneSimulator.ActiveCfg = Release|Any CPU
		{614623A8-6CEE-42D3-93E0-7DFC07A821C2}.AppStore|iPhoneSimulator.Build.0 = Release|Any CPU
		{614623A8-6CEE-42D3-93E0-7DFC07A821C2}.AppStore|iPhoneSimulator.Deploy.0 = Release|Any CPU
		{614623A8-6CEE-42D3-93E0-7DFC07A821C2}.AppStore|x64.ActiveCfg = Release|Any CPU
		{614623A8-6CEE-42D3-93E0-7DFC07A821C2}.AppStore|x64.Build.0 = Release|Any CPU
		{614623A8-6CEE-42D3-93E0-7DFC07A821C2}.AppStore|x64.Deploy.0 = Release|Any CPU
		{614623A8-6CEE-42D3-93E0-7DFC07A821C2}.AppStore|x86.ActiveCfg = Release|Any CPU
		{614623A8-6CEE-42D3-93E0-7DFC07A821C2}.AppStore|x86.Build.0 = Release|Any CPU
		{614623A8-6CEE-42D3-93E0-7DFC07A821C2}.AppStore|x86.Deploy.0 = Release|Any CPU
		{614623A8-6CEE-42D3-93E0-7DFC07A821C2}.Debug|Any CPU.ActiveCfg = Debug|Any CPU
		{614623A8-6CEE-42D3-93E0-7DFC07A821C2}.Debug|Any CPU.Build.0 = Debug|Any CPU
		{614623A8-6CEE-42D3-93E0-7DFC07A821C2}.Debug|Any CPU.Deploy.0 = Debug|Any CPU
		{614623A8-6CEE-42D3-93E0-7DFC07A821C2}.Debug|ARM.ActiveCfg = Debug|Any CPU
		{614623A8-6CEE-42D3-93E0-7DFC07A821C2}.Debug|ARM.Build.0 = Debug|Any CPU
		{614623A8-6CEE-42D3-93E0-7DFC07A821C2}.Debug|ARM.Deploy.0 = Debug|Any CPU
		{614623A8-6CEE-42D3-93E0-7DFC07A821C2}.Debug|iPhone.ActiveCfg = Debug|Any CPU
		{614623A8-6CEE-42D3-93E0-7DFC07A821C2}.Debug|iPhone.Build.0 = Debug|Any CPU
		{614623A8-6CEE-42D3-93E0-7DFC07A821C2}.Debug|iPhone.Deploy.0 = Debug|Any CPU
		{614623A8-6CEE-42D3-93E0-7DFC07A821C2}.Debug|iPhoneSimulator.ActiveCfg = Debug|Any CPU
		{614623A8-6CEE-42D3-93E0-7DFC07A821C2}.Debug|iPhoneSimulator.Build.0 = Debug|Any CPU
		{614623A8-6CEE-42D3-93E0-7DFC07A821C2}.Debug|iPhoneSimulator.Deploy.0 = Debug|Any CPU
		{614623A8-6CEE-42D3-93E0-7DFC07A821C2}.Debug|x64.ActiveCfg = Debug|Any CPU
		{614623A8-6CEE-42D3-93E0-7DFC07A821C2}.Debug|x64.Build.0 = Debug|Any CPU
		{614623A8-6CEE-42D3-93E0-7DFC07A821C2}.Debug|x64.Deploy.0 = Debug|Any CPU
		{614623A8-6CEE-42D3-93E0-7DFC07A821C2}.Debug|x86.ActiveCfg = Debug|Any CPU
		{614623A8-6CEE-42D3-93E0-7DFC07A821C2}.Debug|x86.Build.0 = Debug|Any CPU
		{614623A8-6CEE-42D3-93E0-7DFC07A821C2}.Debug|x86.Deploy.0 = Debug|Any CPU
		{614623A8-6CEE-42D3-93E0-7DFC07A821C2}.Release|Any CPU.ActiveCfg = Release|Any CPU
		{614623A8-6CEE-42D3-93E0-7DFC07A821C2}.Release|Any CPU.Build.0 = Release|Any CPU
		{614623A8-6CEE-42D3-93E0-7DFC07A821C2}.Release|Any CPU.Deploy.0 = Release|Any CPU
		{614623A8-6CEE-42D3-93E0-7DFC07A821C2}.Release|ARM.ActiveCfg = Release|Any CPU
		{614623A8-6CEE-42D3-93E0-7DFC07A821C2}.Release|ARM.Build.0 = Release|Any CPU
		{614623A8-6CEE-42D3-93E0-7DFC07A821C2}.Release|ARM.Deploy.0 = Release|Any CPU
		{614623A8-6CEE-42D3-93E0-7DFC07A821C2}.Release|iPhone.ActiveCfg = Release|Any CPU
		{614623A8-6CEE-42D3-93E0-7DFC07A821C2}.Release|iPhone.Build.0 = Release|Any CPU
		{614623A8-6CEE-42D3-93E0-7DFC07A821C2}.Release|iPhone.Deploy.0 = Release|Any CPU
		{614623A8-6CEE-42D3-93E0-7DFC07A821C2}.Release|iPhoneSimulator.ActiveCfg = Release|Any CPU
		{614623A8-6CEE-42D3-93E0-7DFC07A821C2}.Release|iPhoneSimulator.Build.0 = Release|Any CPU
		{614623A8-6CEE-42D3-93E0-7DFC07A821C2}.Release|iPhoneSimulator.Deploy.0 = Release|Any CPU
		{614623A8-6CEE-42D3-93E0-7DFC07A821C2}.Release|x64.ActiveCfg = Release|Any CPU
		{614623A8-6CEE-42D3-93E0-7DFC07A821C2}.Release|x64.Build.0 = Release|Any CPU
		{614623A8-6CEE-42D3-93E0-7DFC07A821C2}.Release|x64.Deploy.0 = Release|Any CPU
		{614623A8-6CEE-42D3-93E0-7DFC07A821C2}.Release|x86.ActiveCfg = Release|Any CPU
		{614623A8-6CEE-42D3-93E0-7DFC07A821C2}.Release|x86.Build.0 = Release|Any CPU
		{614623A8-6CEE-42D3-93E0-7DFC07A821C2}.Release|x86.Deploy.0 = Release|Any CPU
		{BF94F9CB-8219-4C7A-921C-713298974132}.Ad-Hoc|Any CPU.ActiveCfg = Ad-Hoc|iPhone
		{BF94F9CB-8219-4C7A-921C-713298974132}.Ad-Hoc|ARM.ActiveCfg = Ad-Hoc|iPhone
		{BF94F9CB-8219-4C7A-921C-713298974132}.Ad-Hoc|iPhone.ActiveCfg = Ad-Hoc|iPhone
		{BF94F9CB-8219-4C7A-921C-713298974132}.Ad-Hoc|iPhone.Build.0 = Ad-Hoc|iPhone
		{BF94F9CB-8219-4C7A-921C-713298974132}.Ad-Hoc|iPhoneSimulator.ActiveCfg = Ad-Hoc|iPhoneSimulator
		{BF94F9CB-8219-4C7A-921C-713298974132}.Ad-Hoc|iPhoneSimulator.Build.0 = Ad-Hoc|iPhoneSimulator
		{BF94F9CB-8219-4C7A-921C-713298974132}.Ad-Hoc|x64.ActiveCfg = Ad-Hoc|iPhone
		{BF94F9CB-8219-4C7A-921C-713298974132}.Ad-Hoc|x86.ActiveCfg = Ad-Hoc|iPhone
		{BF94F9CB-8219-4C7A-921C-713298974132}.AppStore|Any CPU.ActiveCfg = AppStore|iPhone
		{BF94F9CB-8219-4C7A-921C-713298974132}.AppStore|ARM.ActiveCfg = AppStore|iPhone
		{BF94F9CB-8219-4C7A-921C-713298974132}.AppStore|iPhone.ActiveCfg = AppStore|iPhone
		{BF94F9CB-8219-4C7A-921C-713298974132}.AppStore|iPhone.Build.0 = AppStore|iPhone
		{BF94F9CB-8219-4C7A-921C-713298974132}.AppStore|iPhoneSimulator.ActiveCfg = AppStore|iPhoneSimulator
		{BF94F9CB-8219-4C7A-921C-713298974132}.AppStore|iPhoneSimulator.Build.0 = AppStore|iPhoneSimulator
		{BF94F9CB-8219-4C7A-921C-713298974132}.AppStore|x64.ActiveCfg = AppStore|iPhone
		{BF94F9CB-8219-4C7A-921C-713298974132}.AppStore|x86.ActiveCfg = AppStore|iPhone
		{BF94F9CB-8219-4C7A-921C-713298974132}.Debug|Any CPU.ActiveCfg = Debug|iPhone
		{BF94F9CB-8219-4C7A-921C-713298974132}.Debug|ARM.ActiveCfg = Debug|iPhone
		{BF94F9CB-8219-4C7A-921C-713298974132}.Debug|iPhone.ActiveCfg = Debug|iPhone
		{BF94F9CB-8219-4C7A-921C-713298974132}.Debug|iPhone.Build.0 = Debug|iPhone
		{BF94F9CB-8219-4C7A-921C-713298974132}.Debug|iPhoneSimulator.ActiveCfg = Debug|iPhoneSimulator
		{BF94F9CB-8219-4C7A-921C-713298974132}.Debug|iPhoneSimulator.Build.0 = Debug|iPhoneSimulator
		{BF94F9CB-8219-4C7A-921C-713298974132}.Debug|x64.ActiveCfg = Debug|iPhone
		{BF94F9CB-8219-4C7A-921C-713298974132}.Debug|x86.ActiveCfg = Debug|iPhone
		{BF94F9CB-8219-4C7A-921C-713298974132}.Release|Any CPU.ActiveCfg = Release|iPhone
		{BF94F9CB-8219-4C7A-921C-713298974132}.Release|ARM.ActiveCfg = Release|iPhone
		{BF94F9CB-8219-4C7A-921C-713298974132}.Release|iPhone.ActiveCfg = Release|iPhone
		{BF94F9CB-8219-4C7A-921C-713298974132}.Release|iPhone.Build.0 = Release|iPhone
		{BF94F9CB-8219-4C7A-921C-713298974132}.Release|iPhoneSimulator.ActiveCfg = Release|iPhoneSimulator
		{BF94F9CB-8219-4C7A-921C-713298974132}.Release|iPhoneSimulator.Build.0 = Release|iPhoneSimulator
		{BF94F9CB-8219-4C7A-921C-713298974132}.Release|x64.ActiveCfg = Release|iPhone
		{BF94F9CB-8219-4C7A-921C-713298974132}.Release|x86.ActiveCfg = Release|iPhone
		{9A4778A0-C208-4FA3-8C97-4705D61753B1}.Ad-Hoc|Any CPU.ActiveCfg = Release|Any CPU
		{9A4778A0-C208-4FA3-8C97-4705D61753B1}.Ad-Hoc|Any CPU.Build.0 = Release|Any CPU
		{9A4778A0-C208-4FA3-8C97-4705D61753B1}.Ad-Hoc|Any CPU.Deploy.0 = Release|Any CPU
		{9A4778A0-C208-4FA3-8C97-4705D61753B1}.Ad-Hoc|ARM.ActiveCfg = Release|ARM
		{9A4778A0-C208-4FA3-8C97-4705D61753B1}.Ad-Hoc|ARM.Build.0 = Release|ARM
		{9A4778A0-C208-4FA3-8C97-4705D61753B1}.Ad-Hoc|ARM.Deploy.0 = Release|ARM
		{9A4778A0-C208-4FA3-8C97-4705D61753B1}.Ad-Hoc|iPhone.ActiveCfg = Release|Any CPU
		{9A4778A0-C208-4FA3-8C97-4705D61753B1}.Ad-Hoc|iPhone.Build.0 = Release|Any CPU
		{9A4778A0-C208-4FA3-8C97-4705D61753B1}.Ad-Hoc|iPhone.Deploy.0 = Release|Any CPU
		{9A4778A0-C208-4FA3-8C97-4705D61753B1}.Ad-Hoc|iPhoneSimulator.ActiveCfg = Release|Any CPU
		{9A4778A0-C208-4FA3-8C97-4705D61753B1}.Ad-Hoc|iPhoneSimulator.Build.0 = Release|Any CPU
		{9A4778A0-C208-4FA3-8C97-4705D61753B1}.Ad-Hoc|iPhoneSimulator.Deploy.0 = Release|Any CPU
		{9A4778A0-C208-4FA3-8C97-4705D61753B1}.Ad-Hoc|x64.ActiveCfg = Release|Any CPU
		{9A4778A0-C208-4FA3-8C97-4705D61753B1}.Ad-Hoc|x64.Build.0 = Release|Any CPU
		{9A4778A0-C208-4FA3-8C97-4705D61753B1}.Ad-Hoc|x64.Deploy.0 = Release|Any CPU
		{9A4778A0-C208-4FA3-8C97-4705D61753B1}.Ad-Hoc|x86.ActiveCfg = Release|x86
		{9A4778A0-C208-4FA3-8C97-4705D61753B1}.Ad-Hoc|x86.Build.0 = Release|x86
		{9A4778A0-C208-4FA3-8C97-4705D61753B1}.Ad-Hoc|x86.Deploy.0 = Release|x86
		{9A4778A0-C208-4FA3-8C97-4705D61753B1}.AppStore|Any CPU.ActiveCfg = Release|Any CPU
		{9A4778A0-C208-4FA3-8C97-4705D61753B1}.AppStore|Any CPU.Build.0 = Release|Any CPU
		{9A4778A0-C208-4FA3-8C97-4705D61753B1}.AppStore|Any CPU.Deploy.0 = Release|Any CPU
		{9A4778A0-C208-4FA3-8C97-4705D61753B1}.AppStore|ARM.ActiveCfg = Release|ARM
		{9A4778A0-C208-4FA3-8C97-4705D61753B1}.AppStore|ARM.Build.0 = Release|ARM
		{9A4778A0-C208-4FA3-8C97-4705D61753B1}.AppStore|ARM.Deploy.0 = Release|ARM
		{9A4778A0-C208-4FA3-8C97-4705D61753B1}.AppStore|iPhone.ActiveCfg = Release|Any CPU
		{9A4778A0-C208-4FA3-8C97-4705D61753B1}.AppStore|iPhone.Build.0 = Release|Any CPU
		{9A4778A0-C208-4FA3-8C97-4705D61753B1}.AppStore|iPhone.Deploy.0 = Release|Any CPU
		{9A4778A0-C208-4FA3-8C97-4705D61753B1}.AppStore|iPhoneSimulator.ActiveCfg = Release|Any CPU
		{9A4778A0-C208-4FA3-8C97-4705D61753B1}.AppStore|iPhoneSimulator.Build.0 = Release|Any CPU
		{9A4778A0-C208-4FA3-8C97-4705D61753B1}.AppStore|iPhoneSimulator.Deploy.0 = Release|Any CPU
		{9A4778A0-C208-4FA3-8C97-4705D61753B1}.AppStore|x64.ActiveCfg = Release|Any CPU
		{9A4778A0-C208-4FA3-8C97-4705D61753B1}.AppStore|x64.Build.0 = Release|Any CPU
		{9A4778A0-C208-4FA3-8C97-4705D61753B1}.AppStore|x64.Deploy.0 = Release|Any CPU
		{9A4778A0-C208-4FA3-8C97-4705D61753B1}.AppStore|x86.ActiveCfg = Release|x86
		{9A4778A0-C208-4FA3-8C97-4705D61753B1}.AppStore|x86.Build.0 = Release|x86
		{9A4778A0-C208-4FA3-8C97-4705D61753B1}.AppStore|x86.Deploy.0 = Release|x86
		{9A4778A0-C208-4FA3-8C97-4705D61753B1}.Debug|Any CPU.ActiveCfg = Debug|Any CPU
		{9A4778A0-C208-4FA3-8C97-4705D61753B1}.Debug|Any CPU.Build.0 = Debug|Any CPU
		{9A4778A0-C208-4FA3-8C97-4705D61753B1}.Debug|Any CPU.Deploy.0 = Debug|Any CPU
		{9A4778A0-C208-4FA3-8C97-4705D61753B1}.Debug|ARM.ActiveCfg = Debug|ARM
		{9A4778A0-C208-4FA3-8C97-4705D61753B1}.Debug|ARM.Build.0 = Debug|ARM
		{9A4778A0-C208-4FA3-8C97-4705D61753B1}.Debug|ARM.Deploy.0 = Debug|ARM
		{9A4778A0-C208-4FA3-8C97-4705D61753B1}.Debug|iPhone.ActiveCfg = Debug|Any CPU
		{9A4778A0-C208-4FA3-8C97-4705D61753B1}.Debug|iPhone.Build.0 = Debug|Any CPU
		{9A4778A0-C208-4FA3-8C97-4705D61753B1}.Debug|iPhone.Deploy.0 = Debug|Any CPU
		{9A4778A0-C208-4FA3-8C97-4705D61753B1}.Debug|iPhoneSimulator.ActiveCfg = Debug|Any CPU
		{9A4778A0-C208-4FA3-8C97-4705D61753B1}.Debug|iPhoneSimulator.Build.0 = Debug|Any CPU
		{9A4778A0-C208-4FA3-8C97-4705D61753B1}.Debug|iPhoneSimulator.Deploy.0 = Debug|Any CPU
		{9A4778A0-C208-4FA3-8C97-4705D61753B1}.Debug|x64.ActiveCfg = Debug|Any CPU
		{9A4778A0-C208-4FA3-8C97-4705D61753B1}.Debug|x64.Build.0 = Debug|Any CPU
		{9A4778A0-C208-4FA3-8C97-4705D61753B1}.Debug|x64.Deploy.0 = Debug|Any CPU
		{9A4778A0-C208-4FA3-8C97-4705D61753B1}.Debug|x86.ActiveCfg = Debug|x86
		{9A4778A0-C208-4FA3-8C97-4705D61753B1}.Debug|x86.Build.0 = Debug|x86
		{9A4778A0-C208-4FA3-8C97-4705D61753B1}.Debug|x86.Deploy.0 = Debug|x86
		{9A4778A0-C208-4FA3-8C97-4705D61753B1}.Release|Any CPU.ActiveCfg = Release|Any CPU
		{9A4778A0-C208-4FA3-8C97-4705D61753B1}.Release|Any CPU.Build.0 = Release|Any CPU
		{9A4778A0-C208-4FA3-8C97-4705D61753B1}.Release|Any CPU.Deploy.0 = Release|Any CPU
		{9A4778A0-C208-4FA3-8C97-4705D61753B1}.Release|ARM.ActiveCfg = Release|ARM
		{9A4778A0-C208-4FA3-8C97-4705D61753B1}.Release|ARM.Build.0 = Release|ARM
		{9A4778A0-C208-4FA3-8C97-4705D61753B1}.Release|ARM.Deploy.0 = Release|ARM
		{9A4778A0-C208-4FA3-8C97-4705D61753B1}.Release|iPhone.ActiveCfg = Release|Any CPU
		{9A4778A0-C208-4FA3-8C97-4705D61753B1}.Release|iPhone.Build.0 = Release|Any CPU
		{9A4778A0-C208-4FA3-8C97-4705D61753B1}.Release|iPhone.Deploy.0 = Release|Any CPU
		{9A4778A0-C208-4FA3-8C97-4705D61753B1}.Release|iPhoneSimulator.ActiveCfg = Release|Any CPU
		{9A4778A0-C208-4FA3-8C97-4705D61753B1}.Release|iPhoneSimulator.Build.0 = Release|Any CPU
		{9A4778A0-C208-4FA3-8C97-4705D61753B1}.Release|iPhoneSimulator.Deploy.0 = Release|Any CPU
		{9A4778A0-C208-4FA3-8C97-4705D61753B1}.Release|x64.ActiveCfg = Release|Any CPU
		{9A4778A0-C208-4FA3-8C97-4705D61753B1}.Release|x64.Build.0 = Release|Any CPU
		{9A4778A0-C208-4FA3-8C97-4705D61753B1}.Release|x64.Deploy.0 = Release|Any CPU
		{9A4778A0-C208-4FA3-8C97-4705D61753B1}.Release|x86.ActiveCfg = Release|x86
		{9A4778A0-C208-4FA3-8C97-4705D61753B1}.Release|x86.Build.0 = Release|x86
		{9A4778A0-C208-4FA3-8C97-4705D61753B1}.Release|x86.Deploy.0 = Release|x86
		{2F34E237-03E7-4DD0-B4ED-748888AC6471}.Ad-Hoc|Any CPU.ActiveCfg = Release|x86
		{2F34E237-03E7-4DD0-B4ED-748888AC6471}.Ad-Hoc|Any CPU.Build.0 = Release|x86
		{2F34E237-03E7-4DD0-B4ED-748888AC6471}.Ad-Hoc|Any CPU.Deploy.0 = Release|x86
		{2F34E237-03E7-4DD0-B4ED-748888AC6471}.Ad-Hoc|ARM.ActiveCfg = Release|ARM
		{2F34E237-03E7-4DD0-B4ED-748888AC6471}.Ad-Hoc|ARM.Build.0 = Release|ARM
		{2F34E237-03E7-4DD0-B4ED-748888AC6471}.Ad-Hoc|ARM.Deploy.0 = Release|ARM
		{2F34E237-03E7-4DD0-B4ED-748888AC6471}.Ad-Hoc|iPhone.ActiveCfg = Release|x86
		{2F34E237-03E7-4DD0-B4ED-748888AC6471}.Ad-Hoc|iPhone.Build.0 = Release|x86
		{2F34E237-03E7-4DD0-B4ED-748888AC6471}.Ad-Hoc|iPhone.Deploy.0 = Release|x86
		{2F34E237-03E7-4DD0-B4ED-748888AC6471}.Ad-Hoc|iPhoneSimulator.ActiveCfg = Release|x86
		{2F34E237-03E7-4DD0-B4ED-748888AC6471}.Ad-Hoc|iPhoneSimulator.Build.0 = Release|x86
		{2F34E237-03E7-4DD0-B4ED-748888AC6471}.Ad-Hoc|iPhoneSimulator.Deploy.0 = Release|x86
		{2F34E237-03E7-4DD0-B4ED-748888AC6471}.Ad-Hoc|x64.ActiveCfg = Release|x64
		{2F34E237-03E7-4DD0-B4ED-748888AC6471}.Ad-Hoc|x64.Build.0 = Release|x64
		{2F34E237-03E7-4DD0-B4ED-748888AC6471}.Ad-Hoc|x64.Deploy.0 = Release|x64
		{2F34E237-03E7-4DD0-B4ED-748888AC6471}.Ad-Hoc|x86.ActiveCfg = Release|x86
		{2F34E237-03E7-4DD0-B4ED-748888AC6471}.Ad-Hoc|x86.Build.0 = Release|x86
		{2F34E237-03E7-4DD0-B4ED-748888AC6471}.Ad-Hoc|x86.Deploy.0 = Release|x86
		{2F34E237-03E7-4DD0-B4ED-748888AC6471}.AppStore|Any CPU.ActiveCfg = Release|x86
		{2F34E237-03E7-4DD0-B4ED-748888AC6471}.AppStore|Any CPU.Build.0 = Release|x86
		{2F34E237-03E7-4DD0-B4ED-748888AC6471}.AppStore|Any CPU.Deploy.0 = Release|x86
		{2F34E237-03E7-4DD0-B4ED-748888AC6471}.AppStore|ARM.ActiveCfg = Release|ARM
		{2F34E237-03E7-4DD0-B4ED-748888AC6471}.AppStore|ARM.Build.0 = Release|ARM
		{2F34E237-03E7-4DD0-B4ED-748888AC6471}.AppStore|ARM.Deploy.0 = Release|ARM
		{2F34E237-03E7-4DD0-B4ED-748888AC6471}.AppStore|iPhone.ActiveCfg = Release|x86
		{2F34E237-03E7-4DD0-B4ED-748888AC6471}.AppStore|iPhone.Build.0 = Release|x86
		{2F34E237-03E7-4DD0-B4ED-748888AC6471}.AppStore|iPhone.Deploy.0 = Release|x86
		{2F34E237-03E7-4DD0-B4ED-748888AC6471}.AppStore|iPhoneSimulator.ActiveCfg = Release|x86
		{2F34E237-03E7-4DD0-B4ED-748888AC6471}.AppStore|iPhoneSimulator.Build.0 = Release|x86
		{2F34E237-03E7-4DD0-B4ED-748888AC6471}.AppStore|iPhoneSimulator.Deploy.0 = Release|x86
		{2F34E237-03E7-4DD0-B4ED-748888AC6471}.AppStore|x64.ActiveCfg = Release|x64
		{2F34E237-03E7-4DD0-B4ED-748888AC6471}.AppStore|x64.Build.0 = Release|x64
		{2F34E237-03E7-4DD0-B4ED-748888AC6471}.AppStore|x64.Deploy.0 = Release|x64
		{2F34E237-03E7-4DD0-B4ED-748888AC6471}.AppStore|x86.ActiveCfg = Release|x86
		{2F34E237-03E7-4DD0-B4ED-748888AC6471}.AppStore|x86.Build.0 = Release|x86
		{2F34E237-03E7-4DD0-B4ED-748888AC6471}.AppStore|x86.Deploy.0 = Release|x86
		{2F34E237-03E7-4DD0-B4ED-748888AC6471}.Debug|Any CPU.ActiveCfg = Debug|x86
		{2F34E237-03E7-4DD0-B4ED-748888AC6471}.Debug|ARM.ActiveCfg = Debug|ARM
		{2F34E237-03E7-4DD0-B4ED-748888AC6471}.Debug|ARM.Build.0 = Debug|ARM
		{2F34E237-03E7-4DD0-B4ED-748888AC6471}.Debug|ARM.Deploy.0 = Debug|ARM
		{2F34E237-03E7-4DD0-B4ED-748888AC6471}.Debug|iPhone.ActiveCfg = Debug|x86
		{2F34E237-03E7-4DD0-B4ED-748888AC6471}.Debug|iPhoneSimulator.ActiveCfg = Debug|x86
		{2F34E237-03E7-4DD0-B4ED-748888AC6471}.Debug|x64.ActiveCfg = Debug|x64
		{2F34E237-03E7-4DD0-B4ED-748888AC6471}.Debug|x64.Build.0 = Debug|x64
		{2F34E237-03E7-4DD0-B4ED-748888AC6471}.Debug|x64.Deploy.0 = Debug|x64
		{2F34E237-03E7-4DD0-B4ED-748888AC6471}.Debug|x86.ActiveCfg = Debug|x86
		{2F34E237-03E7-4DD0-B4ED-748888AC6471}.Debug|x86.Build.0 = Debug|x86
		{2F34E237-03E7-4DD0-B4ED-748888AC6471}.Debug|x86.Deploy.0 = Debug|x86
		{2F34E237-03E7-4DD0-B4ED-748888AC6471}.Release|Any CPU.ActiveCfg = Release|x86
		{2F34E237-03E7-4DD0-B4ED-748888AC6471}.Release|ARM.ActiveCfg = Release|ARM
		{2F34E237-03E7-4DD0-B4ED-748888AC6471}.Release|ARM.Build.0 = Release|ARM
		{2F34E237-03E7-4DD0-B4ED-748888AC6471}.Release|ARM.Deploy.0 = Release|ARM
		{2F34E237-03E7-4DD0-B4ED-748888AC6471}.Release|iPhone.ActiveCfg = Release|x86
		{2F34E237-03E7-4DD0-B4ED-748888AC6471}.Release|iPhoneSimulator.ActiveCfg = Release|x86
		{2F34E237-03E7-4DD0-B4ED-748888AC6471}.Release|x64.ActiveCfg = Release|x64
		{2F34E237-03E7-4DD0-B4ED-748888AC6471}.Release|x64.Build.0 = Release|x64
		{2F34E237-03E7-4DD0-B4ED-748888AC6471}.Release|x64.Deploy.0 = Release|x64
		{2F34E237-03E7-4DD0-B4ED-748888AC6471}.Release|x86.ActiveCfg = Release|x86
		{2F34E237-03E7-4DD0-B4ED-748888AC6471}.Release|x86.Build.0 = Release|x86
		{2F34E237-03E7-4DD0-B4ED-748888AC6471}.Release|x86.Deploy.0 = Release|x86
		{B7DD69CD-D9DB-4CD4-B2F7-B8D30A7AAEB9}.Ad-Hoc|Any CPU.ActiveCfg = Release|Any CPU
		{B7DD69CD-D9DB-4CD4-B2F7-B8D30A7AAEB9}.Ad-Hoc|Any CPU.Build.0 = Release|Any CPU
		{B7DD69CD-D9DB-4CD4-B2F7-B8D30A7AAEB9}.Ad-Hoc|Any CPU.Deploy.0 = Release|Any CPU
		{B7DD69CD-D9DB-4CD4-B2F7-B8D30A7AAEB9}.Ad-Hoc|ARM.ActiveCfg = Release|ARM
		{B7DD69CD-D9DB-4CD4-B2F7-B8D30A7AAEB9}.Ad-Hoc|ARM.Build.0 = Release|ARM
		{B7DD69CD-D9DB-4CD4-B2F7-B8D30A7AAEB9}.Ad-Hoc|ARM.Deploy.0 = Release|ARM
		{B7DD69CD-D9DB-4CD4-B2F7-B8D30A7AAEB9}.Ad-Hoc|iPhone.ActiveCfg = Release|Any CPU
		{B7DD69CD-D9DB-4CD4-B2F7-B8D30A7AAEB9}.Ad-Hoc|iPhone.Build.0 = Release|Any CPU
		{B7DD69CD-D9DB-4CD4-B2F7-B8D30A7AAEB9}.Ad-Hoc|iPhone.Deploy.0 = Release|Any CPU
		{B7DD69CD-D9DB-4CD4-B2F7-B8D30A7AAEB9}.Ad-Hoc|iPhoneSimulator.ActiveCfg = Release|Any CPU
		{B7DD69CD-D9DB-4CD4-B2F7-B8D30A7AAEB9}.Ad-Hoc|iPhoneSimulator.Build.0 = Release|Any CPU
		{B7DD69CD-D9DB-4CD4-B2F7-B8D30A7AAEB9}.Ad-Hoc|iPhoneSimulator.Deploy.0 = Release|Any CPU
		{B7DD69CD-D9DB-4CD4-B2F7-B8D30A7AAEB9}.Ad-Hoc|x64.ActiveCfg = Release|x64
		{B7DD69CD-D9DB-4CD4-B2F7-B8D30A7AAEB9}.Ad-Hoc|x64.Build.0 = Release|x64
		{B7DD69CD-D9DB-4CD4-B2F7-B8D30A7AAEB9}.Ad-Hoc|x64.Deploy.0 = Release|x64
		{B7DD69CD-D9DB-4CD4-B2F7-B8D30A7AAEB9}.Ad-Hoc|x86.ActiveCfg = Release|x86
		{B7DD69CD-D9DB-4CD4-B2F7-B8D30A7AAEB9}.Ad-Hoc|x86.Build.0 = Release|x86
		{B7DD69CD-D9DB-4CD4-B2F7-B8D30A7AAEB9}.Ad-Hoc|x86.Deploy.0 = Release|x86
		{B7DD69CD-D9DB-4CD4-B2F7-B8D30A7AAEB9}.AppStore|Any CPU.ActiveCfg = Release|Any CPU
		{B7DD69CD-D9DB-4CD4-B2F7-B8D30A7AAEB9}.AppStore|Any CPU.Build.0 = Release|Any CPU
		{B7DD69CD-D9DB-4CD4-B2F7-B8D30A7AAEB9}.AppStore|Any CPU.Deploy.0 = Release|Any CPU
		{B7DD69CD-D9DB-4CD4-B2F7-B8D30A7AAEB9}.AppStore|ARM.ActiveCfg = Release|ARM
		{B7DD69CD-D9DB-4CD4-B2F7-B8D30A7AAEB9}.AppStore|ARM.Build.0 = Release|ARM
		{B7DD69CD-D9DB-4CD4-B2F7-B8D30A7AAEB9}.AppStore|ARM.Deploy.0 = Release|ARM
		{B7DD69CD-D9DB-4CD4-B2F7-B8D30A7AAEB9}.AppStore|iPhone.ActiveCfg = Release|Any CPU
		{B7DD69CD-D9DB-4CD4-B2F7-B8D30A7AAEB9}.AppStore|iPhone.Build.0 = Release|Any CPU
		{B7DD69CD-D9DB-4CD4-B2F7-B8D30A7AAEB9}.AppStore|iPhone.Deploy.0 = Release|Any CPU
		{B7DD69CD-D9DB-4CD4-B2F7-B8D30A7AAEB9}.AppStore|iPhoneSimulator.ActiveCfg = Release|Any CPU
		{B7DD69CD-D9DB-4CD4-B2F7-B8D30A7AAEB9}.AppStore|iPhoneSimulator.Build.0 = Release|Any CPU
		{B7DD69CD-D9DB-4CD4-B2F7-B8D30A7AAEB9}.AppStore|iPhoneSimulator.Deploy.0 = Release|Any CPU
		{B7DD69CD-D9DB-4CD4-B2F7-B8D30A7AAEB9}.AppStore|x64.ActiveCfg = Release|x64
		{B7DD69CD-D9DB-4CD4-B2F7-B8D30A7AAEB9}.AppStore|x64.Build.0 = Release|x64
		{B7DD69CD-D9DB-4CD4-B2F7-B8D30A7AAEB9}.AppStore|x64.Deploy.0 = Release|x64
		{B7DD69CD-D9DB-4CD4-B2F7-B8D30A7AAEB9}.AppStore|x86.ActiveCfg = Release|x86
		{B7DD69CD-D9DB-4CD4-B2F7-B8D30A7AAEB9}.AppStore|x86.Build.0 = Release|x86
		{B7DD69CD-D9DB-4CD4-B2F7-B8D30A7AAEB9}.AppStore|x86.Deploy.0 = Release|x86
		{B7DD69CD-D9DB-4CD4-B2F7-B8D30A7AAEB9}.Debug|Any CPU.ActiveCfg = Debug|Any CPU
		{B7DD69CD-D9DB-4CD4-B2F7-B8D30A7AAEB9}.Debug|Any CPU.Build.0 = Debug|Any CPU
		{B7DD69CD-D9DB-4CD4-B2F7-B8D30A7AAEB9}.Debug|Any CPU.Deploy.0 = Debug|Any CPU
		{B7DD69CD-D9DB-4CD4-B2F7-B8D30A7AAEB9}.Debug|ARM.ActiveCfg = Debug|ARM
		{B7DD69CD-D9DB-4CD4-B2F7-B8D30A7AAEB9}.Debug|ARM.Build.0 = Debug|ARM
		{B7DD69CD-D9DB-4CD4-B2F7-B8D30A7AAEB9}.Debug|ARM.Deploy.0 = Debug|ARM
		{B7DD69CD-D9DB-4CD4-B2F7-B8D30A7AAEB9}.Debug|iPhone.ActiveCfg = Debug|Any CPU
		{B7DD69CD-D9DB-4CD4-B2F7-B8D30A7AAEB9}.Debug|iPhone.Build.0 = Debug|Any CPU
		{B7DD69CD-D9DB-4CD4-B2F7-B8D30A7AAEB9}.Debug|iPhone.Deploy.0 = Debug|Any CPU
		{B7DD69CD-D9DB-4CD4-B2F7-B8D30A7AAEB9}.Debug|iPhoneSimulator.ActiveCfg = Debug|Any CPU
		{B7DD69CD-D9DB-4CD4-B2F7-B8D30A7AAEB9}.Debug|iPhoneSimulator.Build.0 = Debug|Any CPU
		{B7DD69CD-D9DB-4CD4-B2F7-B8D30A7AAEB9}.Debug|iPhoneSimulator.Deploy.0 = Debug|Any CPU
		{B7DD69CD-D9DB-4CD4-B2F7-B8D30A7AAEB9}.Debug|x64.ActiveCfg = Debug|x64
		{B7DD69CD-D9DB-4CD4-B2F7-B8D30A7AAEB9}.Debug|x64.Build.0 = Debug|x64
		{B7DD69CD-D9DB-4CD4-B2F7-B8D30A7AAEB9}.Debug|x64.Deploy.0 = Debug|x64
		{B7DD69CD-D9DB-4CD4-B2F7-B8D30A7AAEB9}.Debug|x86.ActiveCfg = Debug|x86
		{B7DD69CD-D9DB-4CD4-B2F7-B8D30A7AAEB9}.Debug|x86.Build.0 = Debug|x86
		{B7DD69CD-D9DB-4CD4-B2F7-B8D30A7AAEB9}.Debug|x86.Deploy.0 = Debug|x86
		{B7DD69CD-D9DB-4CD4-B2F7-B8D30A7AAEB9}.Release|Any CPU.ActiveCfg = Release|Any CPU
		{B7DD69CD-D9DB-4CD4-B2F7-B8D30A7AAEB9}.Release|Any CPU.Build.0 = Release|Any CPU
		{B7DD69CD-D9DB-4CD4-B2F7-B8D30A7AAEB9}.Release|Any CPU.Deploy.0 = Release|Any CPU
		{B7DD69CD-D9DB-4CD4-B2F7-B8D30A7AAEB9}.Release|ARM.ActiveCfg = Release|ARM
		{B7DD69CD-D9DB-4CD4-B2F7-B8D30A7AAEB9}.Release|ARM.Build.0 = Release|ARM
		{B7DD69CD-D9DB-4CD4-B2F7-B8D30A7AAEB9}.Release|ARM.Deploy.0 = Release|ARM
		{B7DD69CD-D9DB-4CD4-B2F7-B8D30A7AAEB9}.Release|iPhone.ActiveCfg = Release|Any CPU
		{B7DD69CD-D9DB-4CD4-B2F7-B8D30A7AAEB9}.Release|iPhone.Build.0 = Release|Any CPU
		{B7DD69CD-D9DB-4CD4-B2F7-B8D30A7AAEB9}.Release|iPhone.Deploy.0 = Release|Any CPU
		{B7DD69CD-D9DB-4CD4-B2F7-B8D30A7AAEB9}.Release|iPhoneSimulator.ActiveCfg = Release|Any CPU
		{B7DD69CD-D9DB-4CD4-B2F7-B8D30A7AAEB9}.Release|iPhoneSimulator.Build.0 = Release|Any CPU
		{B7DD69CD-D9DB-4CD4-B2F7-B8D30A7AAEB9}.Release|iPhoneSimulator.Deploy.0 = Release|Any CPU
		{B7DD69CD-D9DB-4CD4-B2F7-B8D30A7AAEB9}.Release|x64.ActiveCfg = Release|x64
		{B7DD69CD-D9DB-4CD4-B2F7-B8D30A7AAEB9}.Release|x64.Build.0 = Release|x64
		{B7DD69CD-D9DB-4CD4-B2F7-B8D30A7AAEB9}.Release|x64.Deploy.0 = Release|x64
		{B7DD69CD-D9DB-4CD4-B2F7-B8D30A7AAEB9}.Release|x86.ActiveCfg = Release|x86
		{B7DD69CD-D9DB-4CD4-B2F7-B8D30A7AAEB9}.Release|x86.Build.0 = Release|x86
		{B7DD69CD-D9DB-4CD4-B2F7-B8D30A7AAEB9}.Release|x86.Deploy.0 = Release|x86
		{FDA8CB94-0D6D-466A-A3CE-4718ED216595}.Ad-Hoc|Any CPU.ActiveCfg = Release|Any CPU
		{FDA8CB94-0D6D-466A-A3CE-4718ED216595}.Ad-Hoc|Any CPU.Build.0 = Release|Any CPU
		{FDA8CB94-0D6D-466A-A3CE-4718ED216595}.Ad-Hoc|ARM.ActiveCfg = Release|Any CPU
		{FDA8CB94-0D6D-466A-A3CE-4718ED216595}.Ad-Hoc|ARM.Build.0 = Release|Any CPU
		{FDA8CB94-0D6D-466A-A3CE-4718ED216595}.Ad-Hoc|iPhone.ActiveCfg = Release|Any CPU
		{FDA8CB94-0D6D-466A-A3CE-4718ED216595}.Ad-Hoc|iPhone.Build.0 = Release|Any CPU
		{FDA8CB94-0D6D-466A-A3CE-4718ED216595}.Ad-Hoc|iPhoneSimulator.ActiveCfg = Release|Any CPU
		{FDA8CB94-0D6D-466A-A3CE-4718ED216595}.Ad-Hoc|iPhoneSimulator.Build.0 = Release|Any CPU
		{FDA8CB94-0D6D-466A-A3CE-4718ED216595}.Ad-Hoc|x64.ActiveCfg = Release|Any CPU
		{FDA8CB94-0D6D-466A-A3CE-4718ED216595}.Ad-Hoc|x64.Build.0 = Release|Any CPU
		{FDA8CB94-0D6D-466A-A3CE-4718ED216595}.Ad-Hoc|x86.ActiveCfg = Release|Any CPU
		{FDA8CB94-0D6D-466A-A3CE-4718ED216595}.Ad-Hoc|x86.Build.0 = Release|Any CPU
		{FDA8CB94-0D6D-466A-A3CE-4718ED216595}.AppStore|Any CPU.ActiveCfg = Release|Any CPU
		{FDA8CB94-0D6D-466A-A3CE-4718ED216595}.AppStore|Any CPU.Build.0 = Release|Any CPU
		{FDA8CB94-0D6D-466A-A3CE-4718ED216595}.AppStore|ARM.ActiveCfg = Release|Any CPU
		{FDA8CB94-0D6D-466A-A3CE-4718ED216595}.AppStore|ARM.Build.0 = Release|Any CPU
		{FDA8CB94-0D6D-466A-A3CE-4718ED216595}.AppStore|iPhone.ActiveCfg = Release|Any CPU
		{FDA8CB94-0D6D-466A-A3CE-4718ED216595}.AppStore|iPhone.Build.0 = Release|Any CPU
		{FDA8CB94-0D6D-466A-A3CE-4718ED216595}.AppStore|iPhoneSimulator.ActiveCfg = Release|Any CPU
		{FDA8CB94-0D6D-466A-A3CE-4718ED216595}.AppStore|iPhoneSimulator.Build.0 = Release|Any CPU
		{FDA8CB94-0D6D-466A-A3CE-4718ED216595}.AppStore|x64.ActiveCfg = Release|Any CPU
		{FDA8CB94-0D6D-466A-A3CE-4718ED216595}.AppStore|x64.Build.0 = Release|Any CPU
		{FDA8CB94-0D6D-466A-A3CE-4718ED216595}.AppStore|x86.ActiveCfg = Release|Any CPU
		{FDA8CB94-0D6D-466A-A3CE-4718ED216595}.AppStore|x86.Build.0 = Release|Any CPU
		{FDA8CB94-0D6D-466A-A3CE-4718ED216595}.Debug|Any CPU.ActiveCfg = Debug|Any CPU
		{FDA8CB94-0D6D-466A-A3CE-4718ED216595}.Debug|Any CPU.Build.0 = Debug|Any CPU
		{FDA8CB94-0D6D-466A-A3CE-4718ED216595}.Debug|ARM.ActiveCfg = Debug|Any CPU
		{FDA8CB94-0D6D-466A-A3CE-4718ED216595}.Debug|ARM.Build.0 = Debug|Any CPU
		{FDA8CB94-0D6D-466A-A3CE-4718ED216595}.Debug|iPhone.ActiveCfg = Debug|Any CPU
		{FDA8CB94-0D6D-466A-A3CE-4718ED216595}.Debug|iPhone.Build.0 = Debug|Any CPU
		{FDA8CB94-0D6D-466A-A3CE-4718ED216595}.Debug|iPhoneSimulator.ActiveCfg = Debug|Any CPU
		{FDA8CB94-0D6D-466A-A3CE-4718ED216595}.Debug|iPhoneSimulator.Build.0 = Debug|Any CPU
		{FDA8CB94-0D6D-466A-A3CE-4718ED216595}.Debug|x64.ActiveCfg = Debug|Any CPU
		{FDA8CB94-0D6D-466A-A3CE-4718ED216595}.Debug|x64.Build.0 = Debug|Any CPU
		{FDA8CB94-0D6D-466A-A3CE-4718ED216595}.Debug|x86.ActiveCfg = Debug|Any CPU
		{FDA8CB94-0D6D-466A-A3CE-4718ED216595}.Debug|x86.Build.0 = Debug|Any CPU
		{FDA8CB94-0D6D-466A-A3CE-4718ED216595}.Release|Any CPU.ActiveCfg = Release|Any CPU
		{FDA8CB94-0D6D-466A-A3CE-4718ED216595}.Release|Any CPU.Build.0 = Release|Any CPU
		{FDA8CB94-0D6D-466A-A3CE-4718ED216595}.Release|ARM.ActiveCfg = Release|Any CPU
		{FDA8CB94-0D6D-466A-A3CE-4718ED216595}.Release|ARM.Build.0 = Release|Any CPU
		{FDA8CB94-0D6D-466A-A3CE-4718ED216595}.Release|iPhone.ActiveCfg = Release|Any CPU
		{FDA8CB94-0D6D-466A-A3CE-4718ED216595}.Release|iPhone.Build.0 = Release|Any CPU
		{FDA8CB94-0D6D-466A-A3CE-4718ED216595}.Release|iPhoneSimulator.ActiveCfg = Release|Any CPU
		{FDA8CB94-0D6D-466A-A3CE-4718ED216595}.Release|iPhoneSimulator.Build.0 = Release|Any CPU
		{FDA8CB94-0D6D-466A-A3CE-4718ED216595}.Release|x64.ActiveCfg = Release|Any CPU
		{FDA8CB94-0D6D-466A-A3CE-4718ED216595}.Release|x64.Build.0 = Release|Any CPU
		{FDA8CB94-0D6D-466A-A3CE-4718ED216595}.Release|x86.ActiveCfg = Release|Any CPU
		{FDA8CB94-0D6D-466A-A3CE-4718ED216595}.Release|x86.Build.0 = Release|Any CPU
	EndGlobalSection
	GlobalSection(SolutionProperties) = preSolution
		HideSolutionNode = FALSE
	EndGlobalSection
EndGlobal
